<?xml version="1.0" encoding="utf-8"?>
<Project ToolsVersion="4.0" xmlns="http://schemas.microsoft.com/developer/msbuild/2003">
  <ItemGroup>
    <Filter Include="Source Files">
      <UniqueIdentifier>{4FC737F1-C7A5-4376-A066-2A32D752A2FF}</UniqueIdentifier>
      <Extensions>cpp;c;cc;cxx;def;odl;idl;hpj;bat;asm;asmx</Extensions>
    </Filter>
    <Filter Include="Header Files">
      <UniqueIdentifier>{93995380-89BD-4b04-88EB-625FBE52EBFB}</UniqueIdentifier>
      <Extensions>h;hh;hpp;hxx;hm;inl;inc;xsd</Extensions>
    </Filter>
    <Filter Include="Resource Files">
      <UniqueIdentifier>{67DA6AB6-F800-4c08-8B7A-83BB121AAD01}</UniqueIdentifier>
      <Extensions>rc;ico;cur;bmp;dlg;rc2;rct;bin;rgs;gif;jpg;jpeg;jpe;resx;tiff;tif;png;wav;mfcribbon-ms</Extensions>
    </Filter>
    <Filter Include="Images">
      <UniqueIdentifier>{089f95e8-f435-4c9b-a5c6-848e3440b97c}</UniqueIdentifier>
    </Filter>
  </ItemGroup>
  <ItemGroup>
    <ClCompile Include="NuiAccelerometerViewer.cpp">
      <Filter>Source Files</Filter>
    </ClCompile>
    <ClCompile Include="NuiActivityWatcher.cpp">
      <Filter>Source Files</Filter>
    </ClCompile>
    <ClCompile Include="NuiAudioStream.cpp">
      <Filter>Source Files</Filter>
    </ClCompile>
    <ClCompile Include="NuiAudioViewer.cpp">
      <Filter>Source Files</Filter>
    </ClCompile>
    <ClCompile Include="NuiColorStream.cpp">
      <Filter>Source Files</Filter>
    </ClCompile>
    <ClCompile Include="NuiDepthStream.cpp">
      <Filter>Source Files</Filter>
    </ClCompile>
    <ClCompile Include="NuiImageBuffer.cpp">
      <Filter>Source Files</Filter>
    </ClCompile>
    <ClCompile Include="NuiSkeletonStream.cpp">
      <Filter>Source Files</Filter>
    </ClCompile>
    <ClCompile Include="NuiStream.cpp">
      <Filter>Source Files</Filter>
    </ClCompile>
    <ClCompile Include="NuiStreamViewer.cpp">
      <Filter>Source Files</Filter>
    </ClCompile>
    <ClCompile Include="NuiTiltAngleViewer.cpp">
      <Filter>Source Files</Filter>
    </ClCompile>
    <ClCompile Include="NuiViewer.cpp">
      <Filter>Source Files</Filter>
    </ClCompile>
    <ClCompile Include="CameraColorSettingsViewer.cpp">
      <Filter>Source Files</Filter>
    </ClCompile>
    <ClCompile Include="CameraExposureSettingsViewer.cpp">
      <Filter>Source Files</Filter>
    </ClCompile>
    <ClCompile Include="CameraSettingsViewer.cpp">
      <Filter>Source Files</Filter>
    </ClCompile>
    <ClCompile Include="CustomDrawListControl.cpp">
      <Filter>Source Files</Filter>
    </ClCompile>
    <ClCompile Include="ImageRenderer.cpp">
      <Filter>Source Files</Filter>
    </ClCompile>
    <ClCompile Include="KinectSettings.cpp">
      <Filter>Source Files</Filter>
    </ClCompile>
    <ClCompile Include="KinectWindow.cpp">
      <Filter>Source Files</Filter>
    </ClCompile>
    <ClCompile Include="KinectWindowManager.cpp">
      <Filter>Source Files</Filter>
    </ClCompile>
    <ClCompile Include="MainWindow.cpp">
      <Filter>Source Files</Filter>
    </ClCompile>
    <ClCompile Include="NuiAccelerometerStream.cpp">
      <Filter>Source Files</Filter>
    </ClCompile>
  </ItemGroup>
  <ItemGroup>
    <ClInclude Include="Utility.h">
      <Filter>Header Files</Filter>
    </ClInclude>
    <ClInclude Include="StaticMediaBuffer.h">
      <Filter>Header Files</Filter>
    </ClInclude>
    <ClInclude Include="NuiViewer.h">
      <Filter>Header Files</Filter>
    </ClInclude>
    <ClInclude Include="ImageRenderer.h">
      <Filter>Header Files</Filter>
    </ClInclude>
    <ClInclude Include="NuiColorStream.h">
      <Filter>Header Files</Filter>
    </ClInclude>
    <ClInclude Include="NuiDepthStream.h">
      <Filter>Header Files</Filter>
    </ClInclude>
    <ClInclude Include="NuiImageBuffer.h">
      <Filter>Header Files</Filter>
    </ClInclude>
    <ClInclude Include="NuiSkeletonStream.h">
      <Filter>Header Files</Filter>
    </ClInclude>
    <ClInclude Include="NuiStream.h">
      <Filter>Header Files</Filter>
    </ClInclude>
    <ClInclude Include="NuiStreamViewer.h">
      <Filter>Header Files</Filter>
    </ClInclude>
    <ClInclude Include="NuiTiltAngleViewer.h">
      <Filter>Header Files</Filter>
    </ClInclude>
    <ClInclude Include="resource.h">
      <Filter>Header Files</Filter>
    </ClInclude>
    <ClInclude Include="stdafx.h">
      <Filter>Header Files</Filter>
    </ClInclude>
    <ClInclude Include="CameraColorSettingsViewer.h">
      <Filter>Header Files</Filter>
    </ClInclude>
    <ClInclude Include="CameraExposureSettingsViewer.h">
      <Filter>Header Files</Filter>
    </ClInclude>
    <ClInclude Include="CameraSettingsViewer.h">
      <Filter>Header Files</Filter>
    </ClInclude>
    <ClInclude Include="CustomDrawListControl.h">
      <Filter>Header Files</Filter>
    </ClInclude>
    <ClInclude Include="KinectSettings.h">
      <Filter>Header Files</Filter>
    </ClInclude>
    <ClInclude Include="KinectWindow.h">
      <Filter>Header Files</Filter>
    </ClInclude>
    <ClInclude Include="KinectWindowManager.h">
      <Filter>Header Files</Filter>
    </ClInclude>
    <ClInclude Include="MainWindow.h">
      <Filter>Header Files</Filter>
    </ClInclude>
    <ClInclude Include="NuiAccelerometerStream.h">
      <Filter>Header Files</Filter>
    </ClInclude>
    <ClInclude Include="NuiAccelerometerViewer.h">
      <Filter>Header Files</Filter>
    </ClInclude>
    <ClInclude Include="NuiActivityWatcher.h">
      <Filter>Header Files</Filter>
    </ClInclude>
    <ClInclude Include="NuiAudioStream.h">
      <Filter>Header Files</Filter>
    </ClInclude>
    <ClInclude Include="NuiAudioViewer.h">
      <Filter>Header Files</Filter>
    </ClInclude>
  </ItemGroup>
  <ItemGroup>
    <Image Include="Images\Logo.bmp">
      <Filter>Images</Filter>
    </Image>
    <Image Include="Images\KinectSensor.bmp">
      <Filter>Images</Filter>
    </Image>
    <Image Include="app.ico">
      <Filter>Resource Files</Filter>
    </Image>
  </ItemGroup>
  <ItemGroup>
    <ResourceCompile Include="KinectExplorer.rc">
      <Filter>Resource Files</Filter>
    </ResourceCompile>
  </ItemGroup>
</Project>